
Microsoft Visual Studio Solution File, Format Version 12.00
# Visual Studio Version 17
VisualStudioVersion = 17.2.32616.157
MinimumVisualStudioVersion = 10.0.40219.1
Project("{FAE04EC0-301F-11D3-BF4B-00C04F79EFBC}") = "PanuonWPFUI", "PanuonWPFUI\PanuonWPFUI.csproj", "{35ABDD6A-ED5F-4115-9C81-316C7B44C2D9}"
EndProject
Global
	GlobalSection(SolutionConfigurationPlatforms) = preSolution
		Debug|Any CPU = Debug|Any CPU
		Release|Any CPU = Release|Any CPU
	EndGlobalSection
	GlobalSection(ProjectConfigurationPlatforms) = postSolution
		{35ABDD6A-ED5F-4115-9C81-316C7B44C2D9}.Debug|Any CPU.ActiveCfg = Debug|Any CPU
		{35ABDD6A-ED5F-4115-9C81-316C7B44C2D9}.Debug|Any CPU.Build.0 = Debug|Any CPU
		{35ABDD6A-ED5F-4115-9C81-316C7B44C2D9}.Release|Any CPU.ActiveCfg = Release|Any CPU
		{35ABDD6A-ED5F-4115-9C81-316C7B44C2D9}.Release|Any CPU.Build.0 = Release|Any CPU
	EndGlobalSection
	GlobalSection(SolutionProperties) = preSolution
		HideSolutionNode = FALSE
	EndGlobalSection
	GlobalSection(ExtensibilityGlobals) = postSolution
		SolutionGuid = {00C53183-A8EB-4949-9A28-3C5E3630DDA1}
	EndGlobalSection
EndGlobal
